// !$*UTF8*$!
{
	archiveVersion = 1;
	classes = {
	};
	objectVersion = 46;
	objects = {

/* Begin PBXBuildFile section */
		93E430781B2EA9B000EDA0A1 /* main.m in Sources */ = {isa = PBXBuildFile; fileRef = 93E430771B2EA9B000EDA0A1 /* main.m */; };
		93E4307B1B2EA9B000EDA0A1 /* AppDelegate.m in Sources */ = {isa = PBXBuildFile; fileRef = 93E4307A1B2EA9B000EDA0A1 /* AppDelegate.m */; };
		93E4307E1B2EA9B000EDA0A1 /* ViewController.m in Sources */ = {isa = PBXBuildFile; fileRef = 93E4307D1B2EA9B000EDA0A1 /* ViewController.m */; };
		93E430811B2EA9B000EDA0A1 /* Main.storyboard in Resources */ = {isa = PBXBuildFile; fileRef = 93E4307F1B2EA9B000EDA0A1 /* Main.storyboard */; };
		93E430831B2EA9B000EDA0A1 /* Images.xcassets in Resources */ = {isa = PBXBuildFile; fileRef = 93E430821B2EA9B000EDA0A1 /* Images.xcassets */; };
		93E430861B2EA9B000EDA0A1 /* LaunchScreen.xib in Resources */ = {isa = PBXBuildFile; fileRef = 93E430841B2EA9B000EDA0A1 /* LaunchScreen.xib */; };
		93E430921B2EA9B000EDA0A1 /* HapnowTests.m in Sources */ = {isa = PBXBuildFile; fileRef = 93E430911B2EA9B000EDA0A1 /* HapnowTests.m */; };
/* End PBXBuildFile section */

/* Begin PBXContainerItemProxy section */
		93E4308C1B2EA9B000EDA0A1 /* PBXContainerItemProxy */ = {
			isa = PBXContainerItemProxy;
			containerPortal = 93E4306A1B2EA9B000EDA0A1 /* Project object */;
			proxyType = 1;
			remoteGlobalIDString = 93E430711B2EA9B000EDA0A1;
			remoteInfo = Hapnow;
		};
/* End PBXContainerItemProxy section */

/* Begin PBXFileReference section */
		93E430721B2EA9B000EDA0A1 /* Hapnow.app */ = {isa = PBXFileReference; explicitFileType = wrapper.application; includeInIndex = 0; path = Hapnow.app; sourceTree = BUILT_PRODUCTS_DIR; };
		93E430761B2EA9B000EDA0A1 /* Info.plist */ = {isa = PBXFileReference; lastKnownFileType = text.plist.xml; path = Info.plist; sourceTree = "<group>"; };
		93E430771B2EA9B000EDA0A1 /* main.m */ = {isa = PBXFileReference; lastKnownFileType = sourcecode.c.objc; path = main.m; sourceTree = "<group>"; };
		93E430791B2EA9B000EDA0A1 /* AppDelegate.h */ = {isa = PBXFileReference; lastKnownFileType = sourcecode.c.h; path = AppDelegate.h; sourceTree = "<group>"; };
		93E4307A1B2EA9B000EDA0A1 /* AppDelegate.m */ = {isa = PBXFileReference; lastKnownFileType = sourcecode.c.objc; path = AppDelegate.m; sourceTree = "<group>"; };
		93E4307C1B2EA9B000EDA0A1 /* ViewController.h */ = {isa = PBXFileReference; lastKnownFileType = sourcecode.c.h; path = ViewController.h; sourceTree = "<group>"; };
		93E4307D1B2EA9B000EDA0A1 /* ViewController.m */ = {isa = PBXFileReference; lastKnownFileType = sourcecode.c.objc; path = ViewController.m; sourceTree = "<group>"; };
		93E430801B2EA9B000EDA0A1 /* Base */ = {isa = PBXFileReference; lastKnownFileType = file.storyboard; name = Base; path = Base.lproj/Main.storyboard; sourceTree = "<group>"; };
		93E430821B2EA9B000EDA0A1 /* Images.xcassets */ = {isa = PBXFileReference; lastKnownFileType = folder.assetcatalog; path = Images.xcassets; sourceTree = "<group>"; };
		93E430851B2EA9B000EDA0A1 /* Base */ = {isa = PBXFileReference; lastKnownFileType = file.xib; name = Base; path = Base.lproj/LaunchScreen.xib; sourceTree = "<group>"; };
		93E4308B1B2EA9B000EDA0A1 /* HapnowTests.xctest */ = {isa = PBXFileReference; explicitFileType = wrapper.cfbundle; includeInIndex = 0; path = HapnowTests.xctest; sourceTree = BUILT_PRODUCTS_DIR; };
		93E430901B2EA9B000EDA0A1 /* Info.plist */ = {isa = PBXFileReference; lastKnownFileType = text.plist.xml; path = Info.plist; sourceTree = "<group>"; };
		93E430911B2EA9B000EDA0A1 /* HapnowTests.m */ = {isa = PBXFileReference; lastKnownFileType = sourcecode.c.objc; path = HapnowTests.m; sourceTree = "<group>"; };
/* End PBXFileReference section */

/* Begin PBXFrameworksBuildPhase section */
		93E4306F1B2EA9B000EDA0A1 /* Frameworks */ = {
			isa = PBXFrameworksBuildPhase;
			buildActionMask = 2147483647;
			files = (
			);
			runOnlyForDeploymentPostprocessing = 0;
		};
		93E430881B2EA9B000EDA0A1 /* Frameworks */ = {
			isa = PBXFrameworksBuildPhase;
			buildActionMask = 2147483647;
			files = (
			);
			runOnlyForDeploymentPostprocessing = 0;
		};
/* End PBXFrameworksBuildPhase section */

/* Begin PBXGroup section */
		93E430691B2EA9B000EDA0A1 = {
			isa = PBXGroup;
			children = (
				93E430741B2EA9B000EDA0A1 /* Hapnow */,
				93E4308E1B2EA9B000EDA0A1 /* HapnowTests */,
				93E430731B2EA9B000EDA0A1 /* Products */,
			);
			sourceTree = "<group>";
		};
		93E430731B2EA9B000EDA0A1 /* Products */ = {
			isa = PBXGroup;
			children = (
				93E430721B2EA9B000EDA0A1 /* Hapnow.app */,
				93E4308B1B2EA9B000EDA0A1 /* HapnowTests.xctest */,
			);
			name = Products;
			sourceTree = "<group>";
		};
		93E430741B2EA9B000EDA0A1 /* Hapnow */ = {
			isa = PBXGroup;
			children = (
				93E430791B2EA9B000EDA0A1 /* AppDelegate.h */,
				93E4307A1B2EA9B000EDA0A1 /* AppDelegate.m */,
				93E4307C1B2EA9B000EDA0A1 /* ViewController.h */,
				93E4307D1B2EA9B000EDA0A1 /* ViewController.m */,
				93E4307F1B2EA9B000EDA0A1 /* Main.storyboard */,
				93E430821B2EA9B000EDA0A1 /* Images.xcassets */,
				93E430841B2EA9B000EDA0A1 /* LaunchScreen.xib */,
				93E430751B2EA9B000EDA0A1 /* Supporting Files */,
			);
			path = Hapnow;
			sourceTree = "<group>";
		};
		93E430751B2EA9B000EDA0A1 /* Supporting Files */ = {
			isa = PBXGroup;
			children = (
				93E430761B2EA9B000EDA0A1 /* Info.plist */,
				93E430771B2EA9B000EDA0A1 /* main.m */,
			);
			name = "Supporting Files";
			sourceTree = "<group>";
		};
		93E4308E1B2EA9B000EDA0A1 /* HapnowTests */ = {
			isa = PBXGroup;
			children = (
				93E430911B2EA9B000EDA0A1 /* HapnowTests.m */,
				93E4308F1B2EA9B000EDA0A1 /* Supporting Files */,
			);
			path = HapnowTests;
			sourceTree = "<group>";
		};
		93E4308F1B2EA9B000EDA0A1 /* Supporting Files */ = {
			isa = PBXGroup;
			children = (
				93E430901B2EA9B000EDA0A1 /* Info.plist */,
			);
			name = "Supporting Files";
			sourceTree = "<group>";
		};
/* End PBXGroup section */

/* Begin PBXNativeTarget section */
		93E430711B2EA9B000EDA0A1 /* Hapnow */ = {
			isa = PBXNativeTarget;
			buildConfigurationList = 93E430951B2EA9B000EDA0A1 /* Build configuration list for PBXNativeTarget "Hapnow" */;
			buildPhases = (
				93E4306E1B2EA9B000EDA0A1 /* Sources */,
				93E4306F1B2EA9B000EDA0A1 /* Frameworks */,
				93E430701B2EA9B000EDA0A1 /* Resources */,
			);
			buildRules = (
			);
			dependencies = (
			);
			name = Hapnow;
			productName = Hapnow;
			productReference = 93E430721B2EA9B000EDA0A1 /* Hapnow.app */;
			productType = "com.apple.product-type.application";
		};
		93E4308A1B2EA9B000EDA0A1 /* HapnowTests */ = {
			isa = PBXNativeTarget;
			buildConfigurationList = 93E430981B2EA9B000EDA0A1 /* Build configuration list for PBXNativeTarget "HapnowTests" */;
			buildPhases = (
				93E430871B2EA9B000EDA0A1 /* Sources */,
				93E430881B2EA9B000EDA0A1 /* Frameworks */,
				93E430891B2EA9B000EDA0A1 /* Resources */,
			);
			buildRules = (
			);
			dependencies = (
				93E4308D1B2EA9B000EDA0A1 /* PBXTargetDependency */,
			);
			name = HapnowTests;
			productName = HapnowTests;
			productReference = 93E4308B1B2EA9B000EDA0A1 /* HapnowTests.xctest */;
			productType = "com.apple.product-type.bundle.unit-test";
		};
/* End PBXNativeTarget section */

/* Begin PBXProject section */
		93E4306A1B2EA9B000EDA0A1 /* Project object */ = {
			isa = PBXProject;
			attributes = {
				LastUpgradeCheck = 0610;
				ORGANIZATIONNAME = Ommzi;
				TargetAttributes = {
					93E430711B2EA9B000EDA0A1 = {
						CreatedOnToolsVersion = 6.1.1;
					};
					93E4308A1B2EA9B000EDA0A1 = {
						CreatedOnToolsVersion = 6.1.1;
						TestTargetID = 93E430711B2EA9B000EDA0A1;
					};
				};
			};
			buildConfigurationList = 93E4306D1B2EA9B000EDA0A1 /* Build configuration list for PBXProject "Hapnow" */;
			compatibilityVersion = "Xcode 3.2";
			developmentRegion = English;
			hasScannedForEncodings = 0;
			knownRegions = (
				en,
				Base,
			);
			mainGroup = 93E430691B2EA9B000EDA0A1;
			productRefGroup = 93E430731B2EA9B000EDA0A1 /* Products */;
			projectDirPath = "";
			projectRoot = "";
			targets = (
				93E430711B2EA9B000EDA0A1 /* Hapnow */,
				93E4308A1B2EA9B000EDA0A1 /* HapnowTests */,
			);
		};
/* End PBXProject section */

/* Begin PBXResourcesBuildPhase section */
		93E430701B2EA9B000EDA0A1 /* Resources */ = {
			isa = PBXResourcesBuildPhase;
			buildActionMask = 2147483647;
			files = (
				93E430811B2EA9B000EDA0A1 /* Main.storyboard in Resources */,
				93E430861B2EA9B000EDA0A1 /* LaunchScreen.xib in Resources */,
				93E430831B2EA9B000EDA0A1 /* Images.xcassets in Resources */,
			);
			runOnlyForDeploymentPostprocessing = 0;
		};
		93E430891B2EA9B000EDA0A1 /* Resources */ = {
			isa = PBXResourcesBuildPhase;
			buildActionMask = 2147483647;
			files = (
			);
			runOnlyForDeploymentPostprocessing = 0;
		};
/* End PBXResourcesBuildPhase section */

/* Begin PBXSourcesBuildPhase section */
		93E4306E1B2EA9B000EDA0A1 /* Sources */ = {
			isa = PBXSourcesBuildPhase;
			buildActionMask = 2147483647;
			files = (
				93E4307E1B2EA9B000EDA0A1 /* ViewController.m in Sources */,
				93E4307B1B2EA9B000EDA0A1 /* AppDelegate.m in Sources */,
				93E430781B2EA9B000EDA0A1 /* main.m in Sources */,
			);
			runOnlyForDeploymentPostprocessing = 0;
		};
		93E430871B2EA9B000EDA0A1 /* Sources */ = {
			isa = PBXSourcesBuildPhase;
			buildActionMask = 2147483647;
			files = (
				93E430921B2EA9B000EDA0A1 /* HapnowTests.m in Sources */,
			);
			runOnlyForDeploymentPostprocessing = 0;
		};
/* End PBXSourcesBuildPhase section */

/* Begin PBXTargetDependency section */
		93E4308D1B2EA9B000EDA0A1 /* PBXTargetDependency */ = {
			isa = PBXTargetDependency;
			target = 93E430711B2EA9B000EDA0A1 /* Hapnow */;
			targetProxy = 93E4308C1B2EA9B000EDA0A1 /* PBXContainerItemProxy */;
		};
/* End PBXTargetDependency section */

/* Begin PBXVariantGroup section */
		93E4307F1B2EA9B000EDA0A1 /* Main.storyboard */ = {
			isa = PBXVariantGroup;
			children = (
				93E430801B2EA9B000EDA0A1 /* Base */,
			);
			name = Main.storyboard;
			sourceTree = "<group>";
		};
		93E430841B2EA9B000EDA0A1 /* LaunchScreen.xib */ = {
			isa = PBXVariantGroup;
			children = (
				93E430851B2EA9B000EDA0A1 /* Base */,
			);
			name = LaunchScreen.xib;
			sourceTree = "<group>";
		};
/* End PBXVariantGroup section */

/* Begin XCBuildConfiguration section */
		93E430931B2EA9B000EDA0A1 /* Debug */ = {
			isa = XCBuildConfiguration;
			buildSettings = {
				ALWAYS_SEARCH_USER_PATHS = NO;
				CLANG_CXX_LANGUAGE_STANDARD = "gnu++0x";
				CLANG_CXX_LIBRARY = "libc++";
				CLANG_ENABLE_MODULES = YES;
				CLANG_ENABLE_OBJC_ARC = YES;
				CLANG_WARN_BOOL_CONVERSION = YES;
				CLANG_WARN_CONSTANT_CONVERSION = YES;
				CLANG_WARN_DIRECT_OBJC_ISA_USAGE = YES_ERROR;
				CLANG_WARN_EMPTY_BODY = YES;
				CLANG_WARN_ENUM_CONVERSION = YES;
				CLANG_WARN_INT_CONVERSION = YES;
				CLANG_WARN_OBJC_ROOT_CLASS = YES_ERROR;
				CLANG_WARN_UNREACHABLE_CODE = YES;
				CLANG_WARN__DUPLICATE_METHOD_MATCH = YES;
				"CODE_SIGN_IDENTITY[sdk=iphoneos*]" = "iPhone Developer";
				COPY_PHASE_STRIP = NO;
				ENABLE_STRICT_OBJC_MSGSEND = YES;
				GCC_C_LANGUAGE_STANDARD = gnu99;
				GCC_DYNAMIC_NO_PIC = NO;
				GCC_OPTIMIZATION_LEVEL = 0;
				GCC_PREPROCESSOR_DEFINITIONS = (
					"DEBUG=1",
					"$(inherited)",
				);
				GCC_SYMBOLS_PRIVATE_EXTERN = NO;
				GCC_WARN_64_TO_32_BIT_CONVERSION = YES;
				GCC_WARN_ABOUT_RETURN_TYPE = YES_ERROR;
				GCC_WARN_UNDECLARED_SELECTOR = YES;
				GCC_WARN_UNINITIALIZED_AUTOS = YES_AGGRESSIVE;
				GCC_WARN_UNUSED_FUNCTION = YES;
				GCC_WARN_UNUSED_VARIABLE = YES;
				IPHONEOS_DEPLOYMENT_TARGET = 8.1;
				MTL_ENABLE_DEBUG_INFO = YES;
				ONLY_ACTIVE_ARCH = YES;
				SDKROOT = iphoneos;
			};
			name = Debug;
		};
		93E430941B2EA9B000EDA0A1 /* Release */ = {
			isa = XCBuildConfiguration;
			buildSettings = {
				ALWAYS_SEARCH_USER_PATHS = NO;
				CLANG_CXX_LANGUAGE_STANDARD = "gnu++0x";
				CLANG_CXX_LIBRARY = "libc++";
				CLANG_ENABLE_MODULES = YES;
				CLANG_ENABLE_OBJC_ARC = YES;
				CLANG_WARN_BOOL_CONVERSION = YES;
				CLANG_WARN_CONSTANT_CONVERSION = YES;
				CLANG_WARN_DIRECT_OBJC_ISA_USAGE = YES_ERROR;
				CLANG_WARN_EMPTY_BODY = YES;
				CLANG_WARN_ENUM_CONVERSION = YES;
				CLANG_WARN_INT_CONVERSION = YES;
				CLANG_WARN_OBJC_ROOT_CLASS = YES_ERROR;
				CLANG_WARN_UNREACHABLE_CODE = YES;
				CLANG_WARN__DUPLICATE_METHOD_MATCH = YES;
				"CODE_SIGN_IDENTITY[sdk=iphoneos*]" = "iPhone Developer";
				COPY_PHASE_STRIP = YES;
				ENABLE_NS_ASSERTIONS = NO;
				ENABLE_STRICT_OBJC_MSGSEND = YES;
				GCC_C_LANGUAGE_STANDARD = gnu99;
				GCC_WARN_64_TO_32_BIT_CONVERSION = YES;
				GCC_WARN_ABOUT_RETURN_TYPE = YES_ERROR;
				GCC_WARN_UNDECLARED_SELECTOR = YES;
				GCC_WARN_UNINITIALIZED_AUTOS = YES_AGGRESSIVE;
				GCC_WARN_UNUSED_FUNCTION = YES;
				GCC_WARN_UNUSED_VARIABLE = YES;
				IPHONEOS_DEPLOYMENT_TARGET = 8.1;
				MTL_ENABLE_DEBUG_INFO = NO;
				SDKROOT = iphoneos;
				VALIDATE_PRODUCT = YES;
			};
			name = Release;
		};
		93E430961B2EA9B000EDA0A1 /* Debug */ = {
			isa = XCBuildConfiguration;
			buildSettings = {
				ASSETCATALOG_COMPILER_APPICON_NAME = AppIcon;
				INFOPLIST_FILE = Hapnow/Info.plist;
				LD_RUNPATH_SEARCH_PATHS = "$(inherited) @executable_path/Frameworks";
				PRODUCT_NAME = "$(TARGET_NAME)";
			};
			name = Debug;
		};
		93E430971B2EA9B000EDA0A1 /* Release */ = {
			isa = XCBuildConfiguration;
			buildSettings = {
				ASSETCATALOG_COMPILER_APPICON_NAME = AppIcon;
				INFOPLIST_FILE = Hapnow/Info.plist;
				LD_RUNPATH_SEARCH_PATHS = "$(inherited) @executable_path/Frameworks";
				PRODUCT_NAME = "$(TARGET_NAME)";
			};
			name = Release;
		};
		93E430991B2EA9B000EDA0A1 /* Debug */ = {
			isa = XCBuildConfiguration;
			buildSettings = {
				BUNDLE_LOADER = "$(TEST_HOST)";
				FRAMEWORK_SEARCH_PATHS = (
					"$(SDKROOT)/Developer/Library/Frameworks",
					"$(inherited)",
				);
				GCC_PREPROCESSOR_DEFINITIONS = (
					"DEBUG=1",
					"$(inherited)",
				);
				INFOPLIST_FILE = HapnowTests/Info.plist;
				LD_RUNPATH_SEARCH_PATHS = "$(inherited) @executable_path/Frameworks @loader_path/Frameworks";
				PRODUCT_NAME = "$(TARGET_NAME)";
				TEST_HOST = "$(BUILT_PRODUCTS_DIR)/Hapnow.app/Hapnow";
			};
			name = Debug;
		};
		93E4309A1B2EA9B000EDA0A1 /* Release */ = {
			isa = XCBuildConfiguration;
			buildSettings = {
				BUNDLE_LOADER = "$(TEST_HOST)";
				FRAMEWORK_SEARCH_PATHS = (
					"$(SDKROOT)/Developer/Library/Frameworks",
					"$(inherited)",
				);
				INFOPLIST_FILE = HapnowTests/Info.plist;
				LD_RUNPATH_SEARCH_PATHS = "$(inherited) @executable_path/Frameworks @loader_path/Frameworks";
				PRODUCT_NAME = "$(TARGET_NAME)";
				TEST_HOST = "$(BUILT_PRODUCTS_DIR)/Hapnow.app/Hapnow";
			};
			name = Release;
		};
/* End XCBuildConfiguration section */

/* Begin XCConfigurationList section */
		93E4306D1B2EA9B000EDA0A1 /* Build configuration list for PBXProject "Hapnow" */ = {
			isa = XCConfigurationList;
			buildConfigurations = (
				93E430931B2EA9B000EDA0A1 /* Debug */,
				93E430941B2EA9B000EDA0A1 /* Release */,
			);
			defaultConfigurationIsVisible = 0;
			defaultConfigurationName = Release;
		};
		93E430951B2EA9B000EDA0A1 /* Build configuration list for PBXNativeTarget "Hapnow" */ = {
			isa = XCConfigurationList;
			buildConfigurations = (
				93E430961B2EA9B000EDA0A1 /* Debug */,
				93E430971B2EA9B000EDA0A1 /* Release */,
			);
			defaultConfigurationIsVisible = 0;
		};
		93E430981B2EA9B000EDA0A1 /* Build configuration list for PBXNativeTarget "HapnowTests" */ = {
			isa = XCConfigurationList;
			buildConfigurations = (
				93E430991B2EA9B000EDA0A1 /* Debug */,
				93E4309A1B2EA9B000EDA0A1 /* Release */,
			);
			defaultConfigurationIsVisible = 0;
		};
/* End XCConfigurationList section */
	};
	rootObject = 93E4306A1B2EA9B000EDA0A1 /* Project object */;
}
